// !$*UTF8*$!
{
	archiveVersion = 1;
	classes = {
	};
	objectVersion = 46;
	objects = {

/* Begin PBXBuildFile section */
		204578371BEF0DB3003B58B7 /* AppDelegate.swift in Sources */ = {isa = PBXBuildFile; fileRef = 204578361BEF0DB3003B58B7 /* AppDelegate.swift */; };
		204578391BEF0DB3003B58B7 /* ViewController.swift in Sources */ = {isa = PBXBuildFile; fileRef = 204578381BEF0DB3003B58B7 /* ViewController.swift */; };
		2045783C1BEF0DB3003B58B7 /* Main.storyboard in Resources */ = {isa = PBXBuildFile; fileRef = 2045783A1BEF0DB3003B58B7 /* Main.storyboard */; };
		2045783E1BEF0DB3003B58B7 /* Assets.xcassets in Resources */ = {isa = PBXBuildFile; fileRef = 2045783D1BEF0DB3003B58B7 /* Assets.xcassets */; };
		204578411BEF0DB3003B58B7 /* LaunchScreen.storyboard in Resources */ = {isa = PBXBuildFile; fileRef = 2045783F1BEF0DB3003B58B7 /* LaunchScreen.storyboard */; };
		20A9E0181BEF0FE100D9E362 /* TableViewController.swift in Sources */ = {isa = PBXBuildFile; fileRef = 20A9E0171BEF0FE100D9E362 /* TableViewController.swift */; };
/* End PBXBuildFile section */

/* Begin PBXFileReference section */
		204578331BEF0DB3003B58B7 /* Passing Data Between Controllers.app */ = {isa = PBXFileReference; explicitFileType = wrapper.application; includeInIndex = 0; path = "Passing Data Between Controllers.app"; sourceTree = BUILT_PRODUCTS_DIR; };
		204578361BEF0DB3003B58B7 /* AppDelegate.swift */ = {isa = PBXFileReference; lastKnownFileType = sourcecode.swift; path = AppDelegate.swift; sourceTree = "<group>"; };
		204578381BEF0DB3003B58B7 /* ViewController.swift */ = {isa = PBXFileReference; lastKnownFileType = sourcecode.swift; path = ViewController.swift; sourceTree = "<group>"; };
		2045783B1BEF0DB3003B58B7 /* Base */ = {isa = PBXFileReference; lastKnownFileType = file.storyboard; name = Base; path = Base.lproj/Main.storyboard; sourceTree = "<group>"; };
		2045783D1BEF0DB3003B58B7 /* Assets.xcassets */ = {isa = PBXFileReference; lastKnownFileType = folder.assetcatalog; path = Assets.xcassets; sourceTree = "<group>"; };
		204578401BEF0DB3003B58B7 /* Base */ = {isa = PBXFileReference; lastKnownFileType = file.storyboard; name = Base; path = Base.lproj/LaunchScreen.storyboard; sourceTree = "<group>"; };
		204578421BEF0DB3003B58B7 /* Info.plist */ = {isa = PBXFileReference; lastKnownFileType = text.plist.xml; path = Info.plist; sourceTree = "<group>"; };
		20A9E0171BEF0FE100D9E362 /* TableViewController.swift */ = {isa = PBXFileReference; fileEncoding = 4; lastKnownFileType = sourcecode.swift; path = TableViewController.swift; sourceTree = "<group>"; };
/* End PBXFileReference section */

/* Begin PBXFrameworksBuildPhase section */
		204578301BEF0DB3003B58B7 /* Frameworks */ = {
			isa = PBXFrameworksBuildPhase;
			buildActionMask = 2147483647;
			files = (
			);
			runOnlyForDeploymentPostprocessing = 0;
		};
/* End PBXFrameworksBuildPhase section */

/* Begin PBXGroup section */
		2045782A1BEF0DB3003B58B7 = {
			isa = PBXGroup;
			children = (
				204578351BEF0DB3003B58B7 /* Passing Data Between Controllers */,
				204578341BEF0DB3003B58B7 /* Products */,
			);
			sourceTree = "<group>";
		};
		204578341BEF0DB3003B58B7 /* Products */ = {
			isa = PBXGroup;
			children = (
				204578331BEF0DB3003B58B7 /* Passing Data Between Controllers.app */,
			);
			name = Products;
			sourceTree = "<group>";
		};
		204578351BEF0DB3003B58B7 /* Passing Data Between Controllers */ = {
			isa = PBXGroup;
			children = (
				204578361BEF0DB3003B58B7 /* AppDelegate.swift */,
				204578381BEF0DB3003B58B7 /* ViewController.swift */,
				20A9E0171BEF0FE100D9E362 /* TableViewController.swift */,
				2045783A1BEF0DB3003B58B7 /* Main.storyboard */,
				2045783D1BEF0DB3003B58B7 /* Assets.xcassets */,
				2045783F1BEF0DB3003B58B7 /* LaunchScreen.storyboard */,
				204578421BEF0DB3003B58B7 /* Info.plist */,
			);
			path = "Passing Data Between Controllers";
			sourceTree = "<group>";
		};
/* End PBXGroup section */

/* Begin PBXNativeTarget section */
		204578321BEF0DB3003B58B7 /* Passing Data Between Controllers */ = {
			isa = PBXNativeTarget;
			buildConfigurationList = 204578451BEF0DB3003B58B7 /* Build configuration list for PBXNativeTarget "Passing Data Between Controllers" */;
			buildPhases = (
				2045782F1BEF0DB3003B58B7 /* Sources */,
				204578301BEF0DB3003B58B7 /* Frameworks */,
				204578311BEF0DB3003B58B7 /* Resources */,
			);
			buildRules = (
			);
			dependencies = (
			);
			name = "Passing Data Between Controllers";
			productName = "Passing Data Between Controllers";
			productReference = 204578331BEF0DB3003B58B7 /* Passing Data Between Controllers.app */;
			productType = "com.apple.product-type.application";
		};
/* End PBXNativeTarget section */

/* Begin PBXProject section */
		2045782B1BEF0DB3003B58B7 /* Project object */ = {
			isa = PBXProject;
			attributes = {
				LastSwiftUpdateCheck = 0710;
				LastUpgradeCheck = 0710;
				ORGANIZATIONNAME = "Swift Next Step";
				TargetAttributes = {
					204578321BEF0DB3003B58B7 = {
						CreatedOnToolsVersion = 7.1;
					};
				};
			};
			buildConfigurationList = 2045782E1BEF0DB3003B58B7 /* Build configuration list for PBXProject "Passing Data Between Controllers" */;
			compatibilityVersion = "Xcode 3.2";
			developmentRegion = English;
			hasScannedForEncodings = 0;
			knownRegions = (
				en,
				Base,
			);
			mainGroup = 2045782A1BEF0DB3003B58B7;
			productRefGroup = 204578341BEF0DB3003B58B7 /* Products */;
			projectDirPath = "";
			projectRoot = "";
			targets = (
				204578321BEF0DB3003B58B7 /* Passing Data Between Controllers */,
			);
		};
/* End PBXProject section */

/* Begin PBXResourcesBuildPhase section */
		204578311BEF0DB3003B58B7 /* Resources */ = {
			isa = PBXResourcesBuildPhase;
			buildActionMask = 2147483647;
			files = (
				204578411BEF0DB3003B58B7 /* LaunchScreen.storyboard in Resources */,
				2045783E1BEF0DB3003B58B7 /* Assets.xcassets in Resources */,
				2045783C1BEF0DB3003B58B7 /* Main.storyboard in Resources */,
			);
			runOnlyForDeploymentPostprocessing = 0;
		};
/* End PBXResourcesBuildPhase section */

/* Begin PBXSourcesBuildPhase section */
		2045782F1BEF0DB3003B58B7 /* Sources */ = {
			isa = PBXSourcesBuildPhase;
			buildActionMask = 2147483647;
			files = (
				204578391BEF0DB3003B58B7 /* ViewController.swift in Sources */,
				20A9E0181BEF0FE100D9E362 /* TableViewController.swift in Sources */,
				204578371BEF0DB3003B58B7 /* AppDelegate.swift in Sources */,
			);
			runOnlyForDeploymentPostprocessing = 0;
		};
/* End PBXSourcesBuildPhase section */

/* Begin PBXVariantGroup section */
		2045783A1BEF0DB3003B58B7 /* Main.storyboard */ = {
			isa = PBXVariantGroup;
			children = (
				2045783B1BEF0DB3003B58B7 /* Base */,
			);
			name = Main.storyboard;
			sourceTree = "<group>";
		};
		2045783F1BEF0DB3003B58B7 /* LaunchScreen.storyboard */ = {
			isa = PBXVariantGroup;
			children = (
				204578401BEF0DB3003B58B7 /* Base */,
			);
			name = LaunchScreen.storyboard;
			sourceTree = "<group>";
		};
/* End PBXVariantGroup section */

/* Begin XCBuildConfiguration section */
		204578431BEF0DB3003B58B7 /* Debug */ = {
			isa = XCBuildConfiguration;
			buildSettings = {
				ALWAYS_SEARCH_USER_PATHS = NO;
				CLANG_CXX_LANGUAGE_STANDARD = "gnu++0x";
				CLANG_CXX_LIBRARY = "libc++";
				CLANG_ENABLE_MODULES = YES;
				CLANG_ENABLE_OBJC_ARC = YES;
				CLANG_WARN_BOOL_CONVERSION = YES;
				CLANG_WARN_CONSTANT_CONVERSION = YES;
				CLANG_WARN_DIRECT_OBJC_ISA_USAGE = YES_ERROR;
				CLANG_WARN_EMPTY_BODY = YES;
				CLANG_WARN_ENUM_CONVERSION = YES;
				CLANG_WARN_INT_CONVERSION = YES;
				CLANG_WARN_OBJC_ROOT_CLASS = YES_ERROR;
				CLANG_WARN_UNREACHABLE_CODE = YES;
				CLANG_WARN__DUPLICATE_METHOD_MATCH = YES;
				"CODE_SIGN_IDENTITY[sdk=iphoneos*]" = "iPhone Developer";
				COPY_PHASE_STRIP = NO;
				DEBUG_INFORMATION_FORMAT = dwarf;
				ENABLE_STRICT_OBJC_MSGSEND = YES;
				ENABLE_TESTABILITY = YES;
				GCC_C_LANGUAGE_STANDARD = gnu99;
				GCC_DYNAMIC_NO_PIC = NO;
				GCC_NO_COMMON_BLOCKS = YES;
				GCC_OPTIMIZATION_LEVEL = 0;
				GCC_PREPROCESSOR_DEFINITIONS = (
					"DEBUG=1",
					"$(inherited)",
				);
				GCC_WARN_64_TO_32_BIT_CONVERSION = YES;
				GCC_WARN_ABOUT_RETURN_TYPE = YES_ERROR;
				GCC_WARN_UNDECLARED_SELECTOR = YES;
				GCC_WARN_UNINITIALIZED_AUTOS = YES_AGGRESSIVE;
				GCC_WARN_UNUSED_FUNCTION = YES;
				GCC_WARN_UNUSED_VARIABLE = YES;
				IPHONEOS_DEPLOYMENT_TARGET = 9.1;
				MTL_ENABLE_DEBUG_INFO = YES;
				ONLY_ACTIVE_ARCH = YES;
				SDKROOT = iphoneos;
				SWIFT_OPTIMIZATION_LEVEL = "-Onone";
			};
			name = Debug;
		};
		204578441BEF0DB3003B58B7 /* Release */ = {
			isa = XCBuildConfiguration;
			buildSettings = {
				ALWAYS_SEARCH_USER_PATHS = NO;
				CLANG_CXX_LANGUAGE_STANDARD = "gnu++0x";
				CLANG_CXX_LIBRARY = "libc++";
				CLANG_ENABLE_MODULES = YES;
				CLANG_ENABLE_OBJC_ARC = YES;
				CLANG_WARN_BOOL_CONVERSION = YES;
				CLANG_WARN_CONSTANT_CONVERSION = YES;
				CLANG_WARN_DIRECT_OBJC_ISA_USAGE = YES_ERROR;
				CLANG_WARN_EMPTY_BODY = YES;
				CLANG_WARN_ENUM_CONVERSION = YES;
				CLANG_WARN_INT_CONVERSION = YES;
				CLANG_WARN_OBJC_ROOT_CLASS = YES_ERROR;
				CLANG_WARN_UNREACHABLE_CODE = YES;
				CLANG_WARN__DUPLICATE_METHOD_MATCH = YES;
				"CODE_SIGN_IDENTITY[sdk=iphoneos*]" = "iPhone Developer";
				COPY_PHASE_STRIP = NO;
				DEBUG_INFORMATION_FORMAT = "dwarf-with-dsym";
				ENABLE_NS_ASSERTIONS = NO;
				ENABLE_STRICT_OBJC_MSGSEND = YES;
				GCC_C_LANGUAGE_STANDARD = gnu99;
				GCC_NO_COMMON_BLOCKS = YES;
				GCC_WARN_64_TO_32_BIT_CONVERSION = YES;
				GCC_WARN_ABOUT_RETURN_TYPE = YES_ERROR;
				GCC_WARN_UNDECLARED_SELECTOR = YES;
				GCC_WARN_UNINITIALIZED_AUTOS = YES_AGGRESSIVE;
				GCC_WARN_UNUSED_FUNCTION = YES;
				GCC_WARN_UNUSED_VARIABLE = YES;
				IPHONEOS_DEPLOYMENT_TARGET = 9.1;
				MTL_ENABLE_DEBUG_INFO = NO;
				SDKROOT = iphoneos;
				VALIDATE_PRODUCT = YES;
			};
			name = Release;
		};
		204578461BEF0DB3003B58B7 /* Debug */ = {
			isa = XCBuildConfiguration;
			buildSettings = {
				ASSETCATALOG_COMPILER_APPICON_NAME = AppIcon;
				INFOPLIST_FILE = "Passing Data Between Controllers/Info.plist";
				LD_RUNPATH_SEARCH_PATHS = "$(inherited) @executable_path/Frameworks";
				PRODUCT_BUNDLE_IDENTIFIER = "com.swiftnextstep.Passing-Data-Between-Controllers";
				PRODUCT_NAME = "$(TARGET_NAME)";
			};
			name = Debug;
		};
		204578471BEF0DB3003B58B7 /* Release */ = {
			isa = XCBuildConfiguration;
			buildSettings = {
				ASSETCATALOG_COMPILER_APPICON_NAME = AppIcon;
				INFOPLIST_FILE = "Passing Data Between Controllers/Info.plist";
				LD_RUNPATH_SEARCH_PATHS = "$(inherited) @executable_path/Frameworks";
				PRODUCT_BUNDLE_IDENTIFIER = "com.swiftnextstep.Passing-Data-Between-Controllers";
				PRODUCT_NAME = "$(TARGET_NAME)";
			};
			name = Release;
		};
/* End XCBuildConfiguration section */

/* Begin XCConfigurationList section */
		2045782E1BEF0DB3003B58B7 /* Build configuration list for PBXProject "Passing Data Between Controllers" */ = {
			isa = XCConfigurationList;
			buildConfigurations = (
				204578431BEF0DB3003B58B7 /* Debug */,
				204578441BEF0DB3003B58B7 /* Release */,
			);
			defaultConfigurationIsVisible = 0;
			defaultConfigurationName = Release;
		};
		204578451BEF0DB3003B58B7 /* Build configuration list for PBXNativeTarget "Passing Data Between Controllers" */ = {
			isa = XCConfigurationList;
			buildConfigurations = (
				204578461BEF0DB3003B58B7 /* Debug */,
				204578471BEF0DB3003B58B7 /* Release */,
			);
			defaultConfigurationIsVisible = 0;
			defaultConfigurationName = Release;
		};
/* End XCConfigurationList section */
	};
	rootObject = 2045782B1BEF0DB3003B58B7 /* Project object */;
}
